// !$*UTF8*$!
{
	archiveVersion = 1;
	classes = {
	};
	objectVersion = 50;
	objects = {

/* Begin PBXBuildFile section */
		DFAA29F024D09C4300C42D72 /* AppDelegate.swift in Sources */ = {isa = PBXBuildFile; fileRef = DFAA29EF24D09C4300C42D72 /* AppDelegate.swift */; };
		DFAA29F224D09C4300C42D72 /* SceneDelegate.swift in Sources */ = {isa = PBXBuildFile; fileRef = DFAA29F124D09C4300C42D72 /* SceneDelegate.swift */; };
		DFAA29F424D09C4300C42D72 /* ViewController.swift in Sources */ = {isa = PBXBuildFile; fileRef = DFAA29F324D09C4300C42D72 /* ViewController.swift */; };
		DFAA29F724D09C4300C42D72 /* Main.storyboard in Resources */ = {isa = PBXBuildFile; fileRef = DFAA29F524D09C4300C42D72 /* Main.storyboard */; };
		DFAA29FA24D09C4300C42D72 /* HitList.xcdatamodeld in Sources */ = {isa = PBXBuildFile; fileRef = DFAA29F824D09C4300C42D72 /* HitList.xcdatamodeld */; };
		DFAA29FC24D09C4700C42D72 /* Assets.xcassets in Resources */ = {isa = PBXBuildFile; fileRef = DFAA29FB24D09C4700C42D72 /* Assets.xcassets */; };
		DFAA29FF24D09C4700C42D72 /* LaunchScreen.storyboard in Resources */ = {isa = PBXBuildFile; fileRef = DFAA29FD24D09C4700C42D72 /* LaunchScreen.storyboard */; };
		DFAA2A0A24D09C4800C42D72 /* HitListTests.swift in Sources */ = {isa = PBXBuildFile; fileRef = DFAA2A0924D09C4800C42D72 /* HitListTests.swift */; };
		DFAA2A1524D09C4800C42D72 /* HitListUITests.swift in Sources */ = {isa = PBXBuildFile; fileRef = DFAA2A1424D09C4800C42D72 /* HitListUITests.swift */; };
/* End PBXBuildFile section */

/* Begin PBXContainerItemProxy section */
		DFAA2A0624D09C4800C42D72 /* PBXContainerItemProxy */ = {
			isa = PBXContainerItemProxy;
			containerPortal = DFAA29E424D09C4300C42D72 /* Project object */;
			proxyType = 1;
			remoteGlobalIDString = DFAA29EB24D09C4300C42D72;
			remoteInfo = HitList;
		};
		DFAA2A1124D09C4800C42D72 /* PBXContainerItemProxy */ = {
			isa = PBXContainerItemProxy;
			containerPortal = DFAA29E424D09C4300C42D72 /* Project object */;
			proxyType = 1;
			remoteGlobalIDString = DFAA29EB24D09C4300C42D72;
			remoteInfo = HitList;
		};
/* End PBXContainerItemProxy section */

/* Begin PBXFileReference section */
		DFAA29EC24D09C4300C42D72 /* HitList.app */ = {isa = PBXFileReference; explicitFileType = wrapper.application; includeInIndex = 0; path = HitList.app; sourceTree = BUILT_PRODUCTS_DIR; };
		DFAA29EF24D09C4300C42D72 /* AppDelegate.swift */ = {isa = PBXFileReference; lastKnownFileType = sourcecode.swift; path = AppDelegate.swift; sourceTree = "<group>"; };
		DFAA29F124D09C4300C42D72 /* SceneDelegate.swift */ = {isa = PBXFileReference; lastKnownFileType = sourcecode.swift; path = SceneDelegate.swift; sourceTree = "<group>"; };
		DFAA29F324D09C4300C42D72 /* ViewController.swift */ = {isa = PBXFileReference; lastKnownFileType = sourcecode.swift; path = ViewController.swift; sourceTree = "<group>"; };
		DFAA29F624D09C4300C42D72 /* Base */ = {isa = PBXFileReference; lastKnownFileType = file.storyboard; name = Base; path = Base.lproj/Main.storyboard; sourceTree = "<group>"; };
		DFAA29F924D09C4300C42D72 /* HitList.xcdatamodel */ = {isa = PBXFileReference; lastKnownFileType = wrapper.xcdatamodel; path = HitList.xcdatamodel; sourceTree = "<group>"; };
		DFAA29FB24D09C4700C42D72 /* Assets.xcassets */ = {isa = PBXFileReference; lastKnownFileType = folder.assetcatalog; path = Assets.xcassets; sourceTree = "<group>"; };
		DFAA29FE24D09C4700C42D72 /* Base */ = {isa = PBXFileReference; lastKnownFileType = file.storyboard; name = Base; path = Base.lproj/LaunchScreen.storyboard; sourceTree = "<group>"; };
		DFAA2A0024D09C4700C42D72 /* Info.plist */ = {isa = PBXFileReference; lastKnownFileType = text.plist.xml; path = Info.plist; sourceTree = "<group>"; };
		DFAA2A0524D09C4800C42D72 /* HitListTests.xctest */ = {isa = PBXFileReference; explicitFileType = wrapper.cfbundle; includeInIndex = 0; path = HitListTests.xctest; sourceTree = BUILT_PRODUCTS_DIR; };
		DFAA2A0924D09C4800C42D72 /* HitListTests.swift */ = {isa = PBXFileReference; lastKnownFileType = sourcecode.swift; path = HitListTests.swift; sourceTree = "<group>"; };
		DFAA2A0B24D09C4800C42D72 /* Info.plist */ = {isa = PBXFileReference; lastKnownFileType = text.plist.xml; path = Info.plist; sourceTree = "<group>"; };
		DFAA2A1024D09C4800C42D72 /* HitListUITests.xctest */ = {isa = PBXFileReference; explicitFileType = wrapper.cfbundle; includeInIndex = 0; path = HitListUITests.xctest; sourceTree = BUILT_PRODUCTS_DIR; };
		DFAA2A1424D09C4800C42D72 /* HitListUITests.swift */ = {isa = PBXFileReference; lastKnownFileType = sourcecode.swift; path = HitListUITests.swift; sourceTree = "<group>"; };
		DFAA2A1624D09C4800C42D72 /* Info.plist */ = {isa = PBXFileReference; lastKnownFileType = text.plist.xml; path = Info.plist; sourceTree = "<group>"; };
/* End PBXFileReference section */

/* Begin PBXFrameworksBuildPhase section */
		DFAA29E924D09C4300C42D72 /* Frameworks */ = {
			isa = PBXFrameworksBuildPhase;
			buildActionMask = 2147483647;
			files = (
			);
			runOnlyForDeploymentPostprocessing = 0;
		};
		DFAA2A0224D09C4800C42D72 /* Frameworks */ = {
			isa = PBXFrameworksBuildPhase;
			buildActionMask = 2147483647;
			files = (
			);
			runOnlyForDeploymentPostprocessing = 0;
		};
		DFAA2A0D24D09C4800C42D72 /* Frameworks */ = {
			isa = PBXFrameworksBuildPhase;
			buildActionMask = 2147483647;
			files = (
			);
			runOnlyForDeploymentPostprocessing = 0;
		};
/* End PBXFrameworksBuildPhase section */

/* Begin PBXGroup section */
		DFAA29E324D09C4300C42D72 = {
			isa = PBXGroup;
			children = (
				DFAA29EE24D09C4300C42D72 /* HitList */,
				DFAA2A0824D09C4800C42D72 /* HitListTests */,
				DFAA2A1324D09C4800C42D72 /* HitListUITests */,
				DFAA29ED24D09C4300C42D72 /* Products */,
			);
			sourceTree = "<group>";
		};
		DFAA29ED24D09C4300C42D72 /* Products */ = {
			isa = PBXGroup;
			children = (
				DFAA29EC24D09C4300C42D72 /* HitList.app */,
				DFAA2A0524D09C4800C42D72 /* HitListTests.xctest */,
				DFAA2A1024D09C4800C42D72 /* HitListUITests.xctest */,
			);
			name = Products;
			sourceTree = "<group>";
		};
		DFAA29EE24D09C4300C42D72 /* HitList */ = {
			isa = PBXGroup;
			children = (
				DFAA29EF24D09C4300C42D72 /* AppDelegate.swift */,
				DFAA29F124D09C4300C42D72 /* SceneDelegate.swift */,
				DFAA29F324D09C4300C42D72 /* ViewController.swift */,
				DFAA29F524D09C4300C42D72 /* Main.storyboard */,
				DFAA29FB24D09C4700C42D72 /* Assets.xcassets */,
				DFAA29FD24D09C4700C42D72 /* LaunchScreen.storyboard */,
				DFAA2A0024D09C4700C42D72 /* Info.plist */,
				DFAA29F824D09C4300C42D72 /* HitList.xcdatamodeld */,
			);
			path = HitList;
			sourceTree = "<group>";
		};
		DFAA2A0824D09C4800C42D72 /* HitListTests */ = {
			isa = PBXGroup;
			children = (
				DFAA2A0924D09C4800C42D72 /* HitListTests.swift */,
				DFAA2A0B24D09C4800C42D72 /* Info.plist */,
			);
			path = HitListTests;
			sourceTree = "<group>";
		};
		DFAA2A1324D09C4800C42D72 /* HitListUITests */ = {
			isa = PBXGroup;
			children = (
				DFAA2A1424D09C4800C42D72 /* HitListUITests.swift */,
				DFAA2A1624D09C4800C42D72 /* Info.plist */,
			);
			path = HitListUITests;
			sourceTree = "<group>";
		};
/* End PBXGroup section */

/* Begin PBXNativeTarget section */
		DFAA29EB24D09C4300C42D72 /* HitList */ = {
			isa = PBXNativeTarget;
			buildConfigurationList = DFAA2A1924D09C4800C42D72 /* Build configuration list for PBXNativeTarget "HitList" */;
			buildPhases = (
				DFAA29E824D09C4300C42D72 /* Sources */,
				DFAA29E924D09C4300C42D72 /* Frameworks */,
				DFAA29EA24D09C4300C42D72 /* Resources */,
			);
			buildRules = (
			);
			dependencies = (
			);
			name = HitList;
			productName = HitList;
			productReference = DFAA29EC24D09C4300C42D72 /* HitList.app */;
			productType = "com.apple.product-type.application";
		};
		DFAA2A0424D09C4800C42D72 /* HitListTests */ = {
			isa = PBXNativeTarget;
			buildConfigurationList = DFAA2A1C24D09C4800C42D72 /* Build configuration list for PBXNativeTarget "HitListTests" */;
			buildPhases = (
				DFAA2A0124D09C4800C42D72 /* Sources */,
				DFAA2A0224D09C4800C42D72 /* Frameworks */,
				DFAA2A0324D09C4800C42D72 /* Resources */,
			);
			buildRules = (
			);
			dependencies = (
				DFAA2A0724D09C4800C42D72 /* PBXTargetDependency */,
			);
			name = HitListTests;
			productName = HitListTests;
			productReference = DFAA2A0524D09C4800C42D72 /* HitListTests.xctest */;
			productType = "com.apple.product-type.bundle.unit-test";
		};
		DFAA2A0F24D09C4800C42D72 /* HitListUITests */ = {
			isa = PBXNativeTarget;
			buildConfigurationList = DFAA2A1F24D09C4800C42D72 /* Build configuration list for PBXNativeTarget "HitListUITests" */;
			buildPhases = (
				DFAA2A0C24D09C4800C42D72 /* Sources */,
				DFAA2A0D24D09C4800C42D72 /* Frameworks */,
				DFAA2A0E24D09C4800C42D72 /* Resources */,
			);
			buildRules = (
			);
			dependencies = (
				DFAA2A1224D09C4800C42D72 /* PBXTargetDependency */,
			);
			name = HitListUITests;
			productName = HitListUITests;
			productReference = DFAA2A1024D09C4800C42D72 /* HitListUITests.xctest */;
			productType = "com.apple.product-type.bundle.ui-testing";
		};
/* End PBXNativeTarget section */

/* Begin PBXProject section */
		DFAA29E424D09C4300C42D72 /* Project object */ = {
			isa = PBXProject;
			attributes = {
				LastSwiftUpdateCheck = 1160;
				LastUpgradeCheck = 1160;
				ORGANIZATIONNAME = "Станислав Коцарь";
				TargetAttributes = {
					DFAA29EB24D09C4300C42D72 = {
						CreatedOnToolsVersion = 11.6;
					};
					DFAA2A0424D09C4800C42D72 = {
						CreatedOnToolsVersion = 11.6;
						TestTargetID = DFAA29EB24D09C4300C42D72;
					};
					DFAA2A0F24D09C4800C42D72 = {
						CreatedOnToolsVersion = 11.6;
						TestTargetID = DFAA29EB24D09C4300C42D72;
					};
				};
			};
			buildConfigurationList = DFAA29E724D09C4300C42D72 /* Build configuration list for PBXProject "HitList" */;
			compatibilityVersion = "Xcode 9.3";
			developmentRegion = en;
			hasScannedForEncodings = 0;
			knownRegions = (
				en,
				Base,
			);
			mainGroup = DFAA29E324D09C4300C42D72;
			productRefGroup = DFAA29ED24D09C4300C42D72 /* Products */;
			projectDirPath = "";
			projectRoot = "";
			targets = (
				DFAA29EB24D09C4300C42D72 /* HitList */,
				DFAA2A0424D09C4800C42D72 /* HitListTests */,
				DFAA2A0F24D09C4800C42D72 /* HitListUITests */,
			);
		};
/* End PBXProject section */

/* Begin PBXResourcesBuildPhase section */
		DFAA29EA24D09C4300C42D72 /* Resources */ = {
			isa = PBXResourcesBuildPhase;
			buildActionMask = 2147483647;
			files = (
				DFAA29FF24D09C4700C42D72 /* LaunchScreen.storyboard in Resources */,
				DFAA29FC24D09C4700C42D72 /* Assets.xcassets in Resources */,
				DFAA29F724D09C4300C42D72 /* Main.storyboard in Resources */,
			);
			runOnlyForDeploymentPostprocessing = 0;
		};
		DFAA2A0324D09C4800C42D72 /* Resources */ = {
			isa = PBXResourcesBuildPhase;
			buildActionMask = 2147483647;
			files = (
			);
			runOnlyForDeploymentPostprocessing = 0;
		};
		DFAA2A0E24D09C4800C42D72 /* Resources */ = {
			isa = PBXResourcesBuildPhase;
			buildActionMask = 2147483647;
			files = (
			);
			runOnlyForDeploymentPostprocessing = 0;
		};
/* End PBXResourcesBuildPhase section */

/* Begin PBXSourcesBuildPhase section */
		DFAA29E824D09C4300C42D72 /* Sources */ = {
			isa = PBXSourcesBuildPhase;
			buildActionMask = 2147483647;
			files = (
				DFAA29F424D09C4300C42D72 /* ViewController.swift in Sources */,
				DFAA29FA24D09C4300C42D72 /* HitList.xcdatamodeld in Sources */,
				DFAA29F024D09C4300C42D72 /* AppDelegate.swift in Sources */,
				DFAA29F224D09C4300C42D72 /* SceneDelegate.swift in Sources */,
			);
			runOnlyForDeploymentPostprocessing = 0;
		};
		DFAA2A0124D09C4800C42D72 /* Sources */ = {
			isa = PBXSourcesBuildPhase;
			buildActionMask = 2147483647;
			files = (
				DFAA2A0A24D09C4800C42D72 /* HitListTests.swift in Sources */,
			);
			runOnlyForDeploymentPostprocessing = 0;
		};
		DFAA2A0C24D09C4800C42D72 /* Sources */ = {
			isa = PBXSourcesBuildPhase;
			buildActionMask = 2147483647;
			files = (
				DFAA2A1524D09C4800C42D72 /* HitListUITests.swift in Sources */,
			);
			runOnlyForDeploymentPostprocessing = 0;
		};
/* End PBXSourcesBuildPhase section */

/* Begin PBXTargetDependency section */
		DFAA2A0724D09C4800C42D72 /* PBXTargetDependency */ = {
			isa = PBXTargetDependency;
			target = DFAA29EB24D09C4300C42D72 /* HitList */;
			targetProxy = DFAA2A0624D09C4800C42D72 /* PBXContainerItemProxy */;
		};
		DFAA2A1224D09C4800C42D72 /* PBXTargetDependency */ = {
			isa = PBXTargetDependency;
			target = DFAA29EB24D09C4300C42D72 /* HitList */;
			targetProxy = DFAA2A1124D09C4800C42D72 /* PBXContainerItemProxy */;
		};
/* End PBXTargetDependency section */

/* Begin PBXVariantGroup section */
		DFAA29F524D09C4300C42D72 /* Main.storyboard */ = {
			isa = PBXVariantGroup;
			children = (
				DFAA29F624D09C4300C42D72 /* Base */,
			);
			name = Main.storyboard;
			sourceTree = "<group>";
		};
		DFAA29FD24D09C4700C42D72 /* LaunchScreen.storyboard */ = {
			isa = PBXVariantGroup;
			children = (
				DFAA29FE24D09C4700C42D72 /* Base */,
			);
			name = LaunchScreen.storyboard;
			sourceTree = "<group>";
		};
/* End PBXVariantGroup section */

/* Begin XCBuildConfiguration section */
		DFAA2A1724D09C4800C42D72 /* Debug */ = {
			isa = XCBuildConfiguration;
			buildSettings = {
				ALWAYS_SEARCH_USER_PATHS = NO;
				CLANG_ANALYZER_NONNULL = YES;
				CLANG_ANALYZER_NUMBER_OBJECT_CONVERSION = YES_AGGRESSIVE;
				CLANG_CXX_LANGUAGE_STANDARD = "gnu++14";
				CLANG_CXX_LIBRARY = "libc++";
				CLANG_ENABLE_MODULES = YES;
				CLANG_ENABLE_OBJC_ARC = YES;
				CLANG_ENABLE_OBJC_WEAK = YES;
				CLANG_WARN_BLOCK_CAPTURE_AUTORELEASING = YES;
				CLANG_WARN_BOOL_CONVERSION = YES;
				CLANG_WARN_COMMA = YES;
				CLANG_WARN_CONSTANT_CONVERSION = YES;
				CLANG_WARN_DEPRECATED_OBJC_IMPLEMENTATIONS = YES;
				CLANG_WARN_DIRECT_OBJC_ISA_USAGE = YES_ERROR;
				CLANG_WARN_DOCUMENTATION_COMMENTS = YES;
				CLANG_WARN_EMPTY_BODY = YES;
				CLANG_WARN_ENUM_CONVERSION = YES;
				CLANG_WARN_INFINITE_RECURSION = YES;
				CLANG_WARN_INT_CONVERSION = YES;
				CLANG_WARN_NON_LITERAL_NULL_CONVERSION = YES;
				CLANG_WARN_OBJC_IMPLICIT_RETAIN_SELF = YES;
				CLANG_WARN_OBJC_LITERAL_CONVERSION = YES;
				CLANG_WARN_OBJC_ROOT_CLASS = YES_ERROR;
				CLANG_WARN_RANGE_LOOP_ANALYSIS = YES;
				CLANG_WARN_STRICT_PROTOTYPES = YES;
				CLANG_WARN_SUSPICIOUS_MOVE = YES;
				CLANG_WARN_UNGUARDED_AVAILABILITY = YES_AGGRESSIVE;
				CLANG_WARN_UNREACHABLE_CODE = YES;
				CLANG_WARN__DUPLICATE_METHOD_MATCH = YES;
				COPY_PHASE_STRIP = NO;
				DEBUG_INFORMATION_FORMAT = dwarf;
				ENABLE_STRICT_OBJC_MSGSEND = YES;
				ENABLE_TESTABILITY = YES;
				GCC_C_LANGUAGE_STANDARD = gnu11;
				GCC_DYNAMIC_NO_PIC = NO;
				GCC_NO_COMMON_BLOCKS = YES;
				GCC_OPTIMIZATION_LEVEL = 0;
				GCC_PREPROCESSOR_DEFINITIONS = (
					"DEBUG=1",
					"$(inherited)",
				);
				GCC_WARN_64_TO_32_BIT_CONVERSION = YES;
				GCC_WARN_ABOUT_RETURN_TYPE = YES_ERROR;
				GCC_WARN_UNDECLARED_SELECTOR = YES;
				GCC_WARN_UNINITIALIZED_AUTOS = YES_AGGRESSIVE;
				GCC_WARN_UNUSED_FUNCTION = YES;
				GCC_WARN_UNUSED_VARIABLE = YES;
				IPHONEOS_DEPLOYMENT_TARGET = 13.6;
				MTL_ENABLE_DEBUG_INFO = INCLUDE_SOURCE;
				MTL_FAST_MATH = YES;
				ONLY_ACTIVE_ARCH = YES;
				SDKROOT = iphoneos;
				SWIFT_ACTIVE_COMPILATION_CONDITIONS = DEBUG;
				SWIFT_OPTIMIZATION_LEVEL = "-Onone";
			};
			name = Debug;
		};
		DFAA2A1824D09C4800C42D72 /* Release */ = {
			isa = XCBuildConfiguration;
			buildSettings = {
				ALWAYS_SEARCH_USER_PATHS = NO;
				CLANG_ANALYZER_NONNULL = YES;
				CLANG_ANALYZER_NUMBER_OBJECT_CONVERSION = YES_AGGRESSIVE;
				CLANG_CXX_LANGUAGE_STANDARD = "gnu++14";
				CLANG_CXX_LIBRARY = "libc++";
				CLANG_ENABLE_MODULES = YES;
				CLANG_ENABLE_OBJC_ARC = YES;
				CLANG_ENABLE_OBJC_WEAK = YES;
				CLANG_WARN_BLOCK_CAPTURE_AUTORELEASING = YES;
				CLANG_WARN_BOOL_CONVERSION = YES;
				CLANG_WARN_COMMA = YES;
				CLANG_WARN_CONSTANT_CONVERSION = YES;
				CLANG_WARN_DEPRECATED_OBJC_IMPLEMENTATIONS = YES;
				CLANG_WARN_DIRECT_OBJC_ISA_USAGE = YES_ERROR;
				CLANG_WARN_DOCUMENTATION_COMMENTS = YES;
				CLANG_WARN_EMPTY_BODY = YES;
				CLANG_WARN_ENUM_CONVERSION = YES;
				CLANG_WARN_INFINITE_RECURSION = YES;
				CLANG_WARN_INT_CONVERSION = YES;
				CLANG_WARN_NON_LITERAL_NULL_CONVERSION = YES;
				CLANG_WARN_OBJC_IMPLICIT_RETAIN_SELF = YES;
				CLANG_WARN_OBJC_LITERAL_CONVERSION = YES;
				CLANG_WARN_OBJC_ROOT_CLASS = YES_ERROR;
				CLANG_WARN_RANGE_LOOP_ANALYSIS = YES;
				CLANG_WARN_STRICT_PROTOTYPES = YES;
				CLANG_WARN_SUSPICIOUS_MOVE = YES;
				CLANG_WARN_UNGUARDED_AVAILABILITY = YES_AGGRESSIVE;
				CLANG_WARN_UNREACHABLE_CODE = YES;
				CLANG_WARN__DUPLICATE_METHOD_MATCH = YES;
				COPY_PHASE_STRIP = NO;
				DEBUG_INFORMATION_FORMAT = "dwarf-with-dsym";
				ENABLE_NS_ASSERTIONS = NO;
				ENABLE_STRICT_OBJC_MSGSEND = YES;
				GCC_C_LANGUAGE_STANDARD = gnu11;
				GCC_NO_COMMON_BLOCKS = YES;
				GCC_WARN_64_TO_32_BIT_CONVERSION = YES;
				GCC_WARN_ABOUT_RETURN_TYPE = YES_ERROR;
				GCC_WARN_UNDECLARED_SELECTOR = YES;
				GCC_WARN_UNINITIALIZED_AUTOS = YES_AGGRESSIVE;
				GCC_WARN_UNUSED_FUNCTION = YES;
				GCC_WARN_UNUSED_VARIABLE = YES;
				IPHONEOS_DEPLOYMENT_TARGET = 13.6;
				MTL_ENABLE_DEBUG_INFO = NO;
				MTL_FAST_MATH = YES;
				SDKROOT = iphoneos;
				SWIFT_COMPILATION_MODE = wholemodule;
				SWIFT_OPTIMIZATION_LEVEL = "-O";
				VALIDATE_PRODUCT = YES;
			};
			name = Release;
		};
		DFAA2A1A24D09C4800C42D72 /* Debug */ = {
			isa = XCBuildConfiguration;
			buildSettings = {
				ASSETCATALOG_COMPILER_APPICON_NAME = AppIcon;
				CODE_SIGN_STYLE = Automatic;
				DEVELOPMENT_TEAM = V4HQB64U4A;
				INFOPLIST_FILE = HitList/Info.plist;
				LD_RUNPATH_SEARCH_PATHS = (
					"$(inherited)",
					"@executable_path/Frameworks",
				);
				PRODUCT_BUNDLE_IDENTIFIER = some.HitList;
				PRODUCT_NAME = "$(TARGET_NAME)";
				SWIFT_VERSION = 5.0;
				TARGETED_DEVICE_FAMILY = "1,2";
			};
			name = Debug;
		};
		DFAA2A1B24D09C4800C42D72 /* Release */ = {
			isa = XCBuildConfiguration;
			buildSettings = {
				ASSETCATALOG_COMPILER_APPICON_NAME = AppIcon;
				CODE_SIGN_STYLE = Automatic;
				DEVELOPMENT_TEAM = V4HQB64U4A;
				INFOPLIST_FILE = HitList/Info.plist;
				LD_RUNPATH_SEARCH_PATHS = (
					"$(inherited)",
					"@executable_path/Frameworks",
				);
				PRODUCT_BUNDLE_IDENTIFIER = some.HitList;
				PRODUCT_NAME = "$(TARGET_NAME)";
				SWIFT_VERSION = 5.0;
				TARGETED_DEVICE_FAMILY = "1,2";
			};
			name = Release;
		};
		DFAA2A1D24D09C4800C42D72 /* Debug */ = {
			isa = XCBuildConfiguration;
			buildSettings = {
				ALWAYS_EMBED_SWIFT_STANDARD_LIBRARIES = YES;
				BUNDLE_LOADER = "$(TEST_HOST)";
				CODE_SIGN_STYLE = Automatic;
				DEVELOPMENT_TEAM = V4HQB64U4A;
				INFOPLIST_FILE = HitListTests/Info.plist;
				IPHONEOS_DEPLOYMENT_TARGET = 13.6;
				LD_RUNPATH_SEARCH_PATHS = (
					"$(inherited)",
					"@executable_path/Frameworks",
					"@loader_path/Frameworks",
				);
				PRODUCT_BUNDLE_IDENTIFIER = some.HitListTests;
				PRODUCT_NAME = "$(TARGET_NAME)";
				SWIFT_VERSION = 5.0;
				TARGETED_DEVICE_FAMILY = "1,2";
				TEST_HOST = "$(BUILT_PRODUCTS_DIR)/HitList.app/HitList";
			};
			name = Debug;
		};
		DFAA2A1E24D09C4800C42D72 /* Release */ = {
			isa = XCBuildConfiguration;
			buildSettings = {
				ALWAYS_EMBED_SWIFT_STANDARD_LIBRARIES = YES;
				BUNDLE_LOADER = "$(TEST_HOST)";
				CODE_SIGN_STYLE = Automatic;
				DEVELOPMENT_TEAM = V4HQB64U4A;
				INFOPLIST_FILE = HitListTests/Info.plist;
				IPHONEOS_DEPLOYMENT_TARGET = 13.6;
				LD_RUNPATH_SEARCH_PATHS = (
					"$(inherited)",
					"@executable_path/Frameworks",
					"@loader_path/Frameworks",
				);
				PRODUCT_BUNDLE_IDENTIFIER = some.HitListTests;
				PRODUCT_NAME = "$(TARGET_NAME)";
				SWIFT_VERSION = 5.0;
				TARGETED_DEVICE_FAMILY = "1,2";
				TEST_HOST = "$(BUILT_PRODUCTS_DIR)/HitList.app/HitList";
			};
			name = Release;
		};
		DFAA2A2024D09C4800C42D72 /* Debug */ = {
			isa = XCBuildConfiguration;
			buildSettings = {
				ALWAYS_EMBED_SWIFT_STANDARD_LIBRARIES = YES;
				CODE_SIGN_STYLE = Automatic;
				DEVELOPMENT_TEAM = V4HQB64U4A;
				INFOPLIST_FILE = HitListUITests/Info.plist;
				LD_RUNPATH_SEARCH_PATHS = (
					"$(inherited)",
					"@executable_path/Frameworks",
					"@loader_path/Frameworks",
				);
				PRODUCT_BUNDLE_IDENTIFIER = some.HitListUITests;
				PRODUCT_NAME = "$(TARGET_NAME)";
				SWIFT_VERSION = 5.0;
				TARGETED_DEVICE_FAMILY = "1,2";
				TEST_TARGET_NAME = HitList;
			};
			name = Debug;
		};
		DFAA2A2124D09C4800C42D72 /* Release */ = {
			isa = XCBuildConfiguration;
			buildSettings = {
				ALWAYS_EMBED_SWIFT_STANDARD_LIBRARIES = YES;
				CODE_SIGN_STYLE = Automatic;
				DEVELOPMENT_TEAM = V4HQB64U4A;
				INFOPLIST_FILE = HitListUITests/Info.plist;
				LD_RUNPATH_SEARCH_PATHS = (
					"$(inherited)",
					"@executable_path/Frameworks",
					"@loader_path/Frameworks",
				);
				PRODUCT_BUNDLE_IDENTIFIER = some.HitListUITests;
				PRODUCT_NAME = "$(TARGET_NAME)";
				SWIFT_VERSION = 5.0;
				TARGETED_DEVICE_FAMILY = "1,2";
				TEST_TARGET_NAME = HitList;
			};
			name = Release;
		};
/* End XCBuildConfiguration section */

/* Begin XCConfigurationList section */
		DFAA29E724D09C4300C42D72 /* Build configuration list for PBXProject "HitList" */ = {
			isa = XCConfigurationList;
			buildConfigurations = (
				DFAA2A1724D09C4800C42D72 /* Debug */,
				DFAA2A1824D09C4800C42D72 /* Release */,
			);
			defaultConfigurationIsVisible = 0;
			defaultConfigurationName = Release;
		};
		DFAA2A1924D09C4800C42D72 /* Build configuration list for PBXNativeTarget "HitList" */ = {
			isa = XCConfigurationList;
			buildConfigurations = (
				DFAA2A1A24D09C4800C42D72 /* Debug */,
				DFAA2A1B24D09C4800C42D72 /* Release */,
			);
			defaultConfigurationIsVisible = 0;
			defaultConfigurationName = Release;
		};
		DFAA2A1C24D09C4800C42D72 /* Build configuration list for PBXNativeTarget "HitListTests" */ = {
			isa = XCConfigurationList;
			buildConfigurations = (
				DFAA2A1D24D09C4800C42D72 /* Debug */,
				DFAA2A1E24D09C4800C42D72 /* Release */,
			);
			defaultConfigurationIsVisible = 0;
			defaultConfigurationName = Release;
		};
		DFAA2A1F24D09C4800C42D72 /* Build configuration list for PBXNativeTarget "HitListUITests" */ = {
			isa = XCConfigurationList;
			buildConfigurations = (
				DFAA2A2024D09C4800C42D72 /* Debug */,
				DFAA2A2124D09C4800C42D72 /* Release */,
			);
			defaultConfigurationIsVisible = 0;
			defaultConfigurationName = Release;
		};
/* End XCConfigurationList section */

/* Begin XCVersionGroup section */
		DFAA29F824D09C4300C42D72 /* HitList.xcdatamodeld */ = {
			isa = XCVersionGroup;
			children = (
				DFAA29F924D09C4300C42D72 /* HitList.xcdatamodel */,
			);
			currentVersion = DFAA29F924D09C4300C42D72 /* HitList.xcdatamodel */;
			path = HitList.xcdatamodeld;
			sourceTree = "<group>";
			versionGroupType = wrapper.xcdatamodel;
		};
/* End XCVersionGroup section */
	};
	rootObject = DFAA29E424D09C4300C42D72 /* Project object */;
}
